// !$*UTF8*$!
{
	archiveVersion = 1;
	classes = {
	};
	objectVersion = 55;
	objects = {

/* Begin PBXBuildFile section */
		081CB0E12670DD6E00FC25F0 /* AppDelegate.swift in Sources */ = {isa = PBXBuildFile; fileRef = 081CB0E02670DD6E00FC25F0 /* AppDelegate.swift */; };
		081CB0E32670DD6E00FC25F0 /* SceneDelegate.swift in Sources */ = {isa = PBXBuildFile; fileRef = 081CB0E22670DD6E00FC25F0 /* SceneDelegate.swift */; };
		081CB0E62670DD6E00FC25F0 /* LaunchScreen.storyboard in Resources */ = {isa = PBXBuildFile; fileRef = 081CB0E42670DD6E00FC25F0 /* LaunchScreen.storyboard */; };
		081CB0E92670DD6E00FC25F0 /* Main.storyboard in Resources */ = {isa = PBXBuildFile; fileRef = 081CB0E72670DD6E00FC25F0 /* Main.storyboard */; };
		081CB0F22670DD6E00FC25F0 /* AppDelegate.swift in Sources */ = {isa = PBXBuildFile; fileRef = 081CB0F12670DD6E00FC25F0 /* AppDelegate.swift */; };
		081CB0F52670DD6E00FC25F0 /* Main.storyboard in Resources */ = {isa = PBXBuildFile; fileRef = 081CB0F32670DD6E00FC25F0 /* Main.storyboard */; };
		081CB0FC2670DD6E00FC25F0 /* SafariKeywordSearch Extension.appex in Embed App Extensions */ = {isa = PBXBuildFile; fileRef = 081CB0FB2670DD6E00FC25F0 /* SafariKeywordSearch Extension.appex */; settings = {ATTRIBUTES = (RemoveHeadersOnCopy, ); }; };
		081CB1062670DD6E00FC25F0 /* SafariKeywordSearch Extension.appex in Embed App Extensions */ = {isa = PBXBuildFile; fileRef = 081CB1052670DD6E00FC25F0 /* SafariKeywordSearch Extension.appex */; settings = {ATTRIBUTES = (RemoveHeadersOnCopy, ); }; };
		081CB10B2670DD6E00FC25F0 /* Main.html in Resources */ = {isa = PBXBuildFile; fileRef = 081CB0C72670DD6B00FC25F0 /* Main.html */; };
		081CB10C2670DD6E00FC25F0 /* Main.html in Resources */ = {isa = PBXBuildFile; fileRef = 081CB0C72670DD6B00FC25F0 /* Main.html */; };
		081CB10D2670DD6E00FC25F0 /* Icon.png in Resources */ = {isa = PBXBuildFile; fileRef = 081CB0C92670DD6B00FC25F0 /* Icon.png */; };
		081CB10E2670DD6E00FC25F0 /* Icon.png in Resources */ = {isa = PBXBuildFile; fileRef = 081CB0C92670DD6B00FC25F0 /* Icon.png */; };
		081CB10F2670DD6E00FC25F0 /* Style.css in Resources */ = {isa = PBXBuildFile; fileRef = 081CB0CA2670DD6B00FC25F0 /* Style.css */; };
		081CB1102670DD6E00FC25F0 /* Style.css in Resources */ = {isa = PBXBuildFile; fileRef = 081CB0CA2670DD6B00FC25F0 /* Style.css */; };
		081CB1112670DD6E00FC25F0 /* Script.js in Resources */ = {isa = PBXBuildFile; fileRef = 081CB0CB2670DD6B00FC25F0 /* Script.js */; };
		081CB1122670DD6E00FC25F0 /* Script.js in Resources */ = {isa = PBXBuildFile; fileRef = 081CB0CB2670DD6B00FC25F0 /* Script.js */; };
		081CB1132670DD6E00FC25F0 /* ViewController.swift in Sources */ = {isa = PBXBuildFile; fileRef = 081CB0CC2670DD6B00FC25F0 /* ViewController.swift */; };
		081CB1142670DD6E00FC25F0 /* ViewController.swift in Sources */ = {isa = PBXBuildFile; fileRef = 081CB0CC2670DD6B00FC25F0 /* ViewController.swift */; };
		081CB1152670DD6E00FC25F0 /* Assets.xcassets in Resources */ = {isa = PBXBuildFile; fileRef = 081CB0CD2670DD6E00FC25F0 /* Assets.xcassets */; };
		081CB1162670DD6E00FC25F0 /* Assets.xcassets in Resources */ = {isa = PBXBuildFile; fileRef = 081CB0CD2670DD6E00FC25F0 /* Assets.xcassets */; };
		081CB1172670DD6E00FC25F0 /* SafariWebExtensionHandler.swift in Sources */ = {isa = PBXBuildFile; fileRef = 081CB0CF2670DD6E00FC25F0 /* SafariWebExtensionHandler.swift */; };
		081CB1182670DD6E00FC25F0 /* SafariWebExtensionHandler.swift in Sources */ = {isa = PBXBuildFile; fileRef = 081CB0CF2670DD6E00FC25F0 /* SafariWebExtensionHandler.swift */; };
		081CB1192670DD6E00FC25F0 /* _locales in Resources */ = {isa = PBXBuildFile; fileRef = 081CB0D12670DD6E00FC25F0 /* _locales */; };
		081CB11A2670DD6E00FC25F0 /* _locales in Resources */ = {isa = PBXBuildFile; fileRef = 081CB0D12670DD6E00FC25F0 /* _locales */; };
		081CB11B2670DD6E00FC25F0 /* images in Resources */ = {isa = PBXBuildFile; fileRef = 081CB0D22670DD6E00FC25F0 /* images */; };
		081CB11C2670DD6E00FC25F0 /* images in Resources */ = {isa = PBXBuildFile; fileRef = 081CB0D22670DD6E00FC25F0 /* images */; };
		081CB11D2670DD6E00FC25F0 /* manifest.json in Resources */ = {isa = PBXBuildFile; fileRef = 081CB0D32670DD6E00FC25F0 /* manifest.json */; };
		081CB11E2670DD6E00FC25F0 /* manifest.json in Resources */ = {isa = PBXBuildFile; fileRef = 081CB0D32670DD6E00FC25F0 /* manifest.json */; };
		081CB11F2670DD6E00FC25F0 /* background.js in Resources */ = {isa = PBXBuildFile; fileRef = 081CB0D42670DD6E00FC25F0 /* background.js */; };
		081CB1202670DD6E00FC25F0 /* background.js in Resources */ = {isa = PBXBuildFile; fileRef = 081CB0D42670DD6E00FC25F0 /* background.js */; };
		081CB1212670DD6E00FC25F0 /* content.js in Resources */ = {isa = PBXBuildFile; fileRef = 081CB0D52670DD6E00FC25F0 /* content.js */; };
		081CB1222670DD6E00FC25F0 /* content.js in Resources */ = {isa = PBXBuildFile; fileRef = 081CB0D52670DD6E00FC25F0 /* content.js */; };
		081CB1232670DD6E00FC25F0 /* popup.html in Resources */ = {isa = PBXBuildFile; fileRef = 081CB0D62670DD6E00FC25F0 /* popup.html */; };
		081CB1242670DD6E00FC25F0 /* popup.html in Resources */ = {isa = PBXBuildFile; fileRef = 081CB0D62670DD6E00FC25F0 /* popup.html */; };
		081CB1252670DD6E00FC25F0 /* popup.css in Resources */ = {isa = PBXBuildFile; fileRef = 081CB0D72670DD6E00FC25F0 /* popup.css */; };
		081CB1262670DD6E00FC25F0 /* popup.css in Resources */ = {isa = PBXBuildFile; fileRef = 081CB0D72670DD6E00FC25F0 /* popup.css */; };
		081CB1272670DD6E00FC25F0 /* popup.js in Resources */ = {isa = PBXBuildFile; fileRef = 081CB0D82670DD6E00FC25F0 /* popup.js */; };
		081CB1282670DD6E00FC25F0 /* popup.js in Resources */ = {isa = PBXBuildFile; fileRef = 081CB0D82670DD6E00FC25F0 /* popup.js */; };
/* End PBXBuildFile section */

/* Begin PBXContainerItemProxy section */
		081CB0FD2670DD6E00FC25F0 /* PBXContainerItemProxy */ = {
			isa = PBXContainerItemProxy;
			containerPortal = 081CB0C12670DD6B00FC25F0 /* Project object */;
			proxyType = 1;
			remoteGlobalIDString = 081CB0FA2670DD6E00FC25F0;
			remoteInfo = "SafariKeywordSearch Extension (iOS)";
		};
		081CB1072670DD6E00FC25F0 /* PBXContainerItemProxy */ = {
			isa = PBXContainerItemProxy;
			containerPortal = 081CB0C12670DD6B00FC25F0 /* Project object */;
			proxyType = 1;
			remoteGlobalIDString = 081CB1042670DD6E00FC25F0;
			remoteInfo = "SafariKeywordSearch Extension (macOS)";
		};
/* End PBXContainerItemProxy section */

/* Begin PBXCopyFilesBuildPhase section */
		081CB12E2670DD6E00FC25F0 /* Embed App Extensions */ = {
			isa = PBXCopyFilesBuildPhase;
			buildActionMask = 2147483647;
			dstPath = "";
			dstSubfolderSpec = 13;
			files = (
				081CB0FC2670DD6E00FC25F0 /* SafariKeywordSearch Extension.appex in Embed App Extensions */,
			);
			name = "Embed App Extensions";
			runOnlyForDeploymentPostprocessing = 0;
		};
		081CB1352670DD6E00FC25F0 /* Embed App Extensions */ = {
			isa = PBXCopyFilesBuildPhase;
			buildActionMask = 2147483647;
			dstPath = "";
			dstSubfolderSpec = 13;
			files = (
				081CB1062670DD6E00FC25F0 /* SafariKeywordSearch Extension.appex in Embed App Extensions */,
			);
			name = "Embed App Extensions";
			runOnlyForDeploymentPostprocessing = 0;
		};
/* End PBXCopyFilesBuildPhase section */

/* Begin PBXFileReference section */
		081CB0C82670DD6B00FC25F0 /* Base */ = {isa = PBXFileReference; lastKnownFileType = text.html; name = Base; path = ../Base.lproj/Main.html; sourceTree = "<group>"; };
		081CB0C92670DD6B00FC25F0 /* Icon.png */ = {isa = PBXFileReference; lastKnownFileType = image.png; path = Icon.png; sourceTree = "<group>"; };
		081CB0CA2670DD6B00FC25F0 /* Style.css */ = {isa = PBXFileReference; lastKnownFileType = text.css; path = Style.css; sourceTree = "<group>"; };
		081CB0CB2670DD6B00FC25F0 /* Script.js */ = {isa = PBXFileReference; lastKnownFileType = sourcecode.javascript; path = Script.js; sourceTree = "<group>"; };
		081CB0CC2670DD6B00FC25F0 /* ViewController.swift */ = {isa = PBXFileReference; lastKnownFileType = sourcecode.swift; path = ViewController.swift; sourceTree = "<group>"; };
		081CB0CD2670DD6E00FC25F0 /* Assets.xcassets */ = {isa = PBXFileReference; lastKnownFileType = folder.assetcatalog; path = Assets.xcassets; sourceTree = "<group>"; };
		081CB0CF2670DD6E00FC25F0 /* SafariWebExtensionHandler.swift */ = {isa = PBXFileReference; lastKnownFileType = sourcecode.swift; path = SafariWebExtensionHandler.swift; sourceTree = "<group>"; };
		081CB0D12670DD6E00FC25F0 /* _locales */ = {isa = PBXFileReference; lastKnownFileType = folder; path = _locales; sourceTree = "<group>"; };
		081CB0D22670DD6E00FC25F0 /* images */ = {isa = PBXFileReference; lastKnownFileType = folder; path = images; sourceTree = "<group>"; };
		081CB0D32670DD6E00FC25F0 /* manifest.json */ = {isa = PBXFileReference; lastKnownFileType = text.json; path = manifest.json; sourceTree = "<group>"; };
		081CB0D42670DD6E00FC25F0 /* background.js */ = {isa = PBXFileReference; lastKnownFileType = sourcecode.javascript; path = background.js; sourceTree = "<group>"; };
		081CB0D52670DD6E00FC25F0 /* content.js */ = {isa = PBXFileReference; lastKnownFileType = sourcecode.javascript; path = content.js; sourceTree = "<group>"; };
		081CB0D62670DD6E00FC25F0 /* popup.html */ = {isa = PBXFileReference; lastKnownFileType = text.html; path = popup.html; sourceTree = "<group>"; };
		081CB0D72670DD6E00FC25F0 /* popup.css */ = {isa = PBXFileReference; lastKnownFileType = text.css; path = popup.css; sourceTree = "<group>"; };
		081CB0D82670DD6E00FC25F0 /* popup.js */ = {isa = PBXFileReference; lastKnownFileType = sourcecode.javascript; path = popup.js; sourceTree = "<group>"; };
		081CB0DD2670DD6E00FC25F0 /* SafariKeywordSearch.app */ = {isa = PBXFileReference; explicitFileType = wrapper.application; includeInIndex = 0; path = SafariKeywordSearch.app; sourceTree = BUILT_PRODUCTS_DIR; };
		081CB0E02670DD6E00FC25F0 /* AppDelegate.swift */ = {isa = PBXFileReference; lastKnownFileType = sourcecode.swift; path = AppDelegate.swift; sourceTree = "<group>"; };
		081CB0E22670DD6E00FC25F0 /* SceneDelegate.swift */ = {isa = PBXFileReference; lastKnownFileType = sourcecode.swift; path = SceneDelegate.swift; sourceTree = "<group>"; };
		081CB0E52670DD6E00FC25F0 /* Base */ = {isa = PBXFileReference; lastKnownFileType = file.storyboard; name = Base; path = Base.lproj/LaunchScreen.storyboard; sourceTree = "<group>"; };
		081CB0E82670DD6E00FC25F0 /* Base */ = {isa = PBXFileReference; lastKnownFileType = file.storyboard; name = Base; path = Base.lproj/Main.storyboard; sourceTree = "<group>"; };
		081CB0EA2670DD6E00FC25F0 /* Info.plist */ = {isa = PBXFileReference; lastKnownFileType = text.plist.xml; path = Info.plist; sourceTree = "<group>"; };
		081CB0EF2670DD6E00FC25F0 /* SafariKeywordSearch.app */ = {isa = PBXFileReference; explicitFileType = wrapper.application; includeInIndex = 0; path = SafariKeywordSearch.app; sourceTree = BUILT_PRODUCTS_DIR; };
		081CB0F12670DD6E00FC25F0 /* AppDelegate.swift */ = {isa = PBXFileReference; lastKnownFileType = sourcecode.swift; path = AppDelegate.swift; sourceTree = "<group>"; };
		081CB0F42670DD6E00FC25F0 /* Base */ = {isa = PBXFileReference; lastKnownFileType = file.storyboard; name = Base; path = Base.lproj/Main.storyboard; sourceTree = "<group>"; };
		081CB0F62670DD6E00FC25F0 /* SafariKeywordSearch.entitlements */ = {isa = PBXFileReference; lastKnownFileType = text.plist.entitlements; path = SafariKeywordSearch.entitlements; sourceTree = "<group>"; };
		081CB0FB2670DD6E00FC25F0 /* SafariKeywordSearch Extension.appex */ = {isa = PBXFileReference; explicitFileType = "wrapper.app-extension"; includeInIndex = 0; path = "SafariKeywordSearch Extension.appex"; sourceTree = BUILT_PRODUCTS_DIR; };
		081CB1002670DD6E00FC25F0 /* Info.plist */ = {isa = PBXFileReference; lastKnownFileType = text.plist.xml; path = Info.plist; sourceTree = "<group>"; };
		081CB1052670DD6E00FC25F0 /* SafariKeywordSearch Extension.appex */ = {isa = PBXFileReference; explicitFileType = "wrapper.app-extension"; includeInIndex = 0; path = "SafariKeywordSearch Extension.appex"; sourceTree = BUILT_PRODUCTS_DIR; };
		081CB10A2670DD6E00FC25F0 /* Info.plist */ = {isa = PBXFileReference; lastKnownFileType = text.plist.xml; path = Info.plist; sourceTree = "<group>"; };
/* End PBXFileReference section */

/* Begin PBXFrameworksBuildPhase section */
		081CB0DA2670DD6E00FC25F0 /* Frameworks */ = {
			isa = PBXFrameworksBuildPhase;
			buildActionMask = 2147483647;
			files = (
			);
			runOnlyForDeploymentPostprocessing = 0;
		};
		081CB0EC2670DD6E00FC25F0 /* Frameworks */ = {
			isa = PBXFrameworksBuildPhase;
			buildActionMask = 2147483647;
			files = (
			);
			runOnlyForDeploymentPostprocessing = 0;
		};
		081CB0F82670DD6E00FC25F0 /* Frameworks */ = {
			isa = PBXFrameworksBuildPhase;
			buildActionMask = 2147483647;
			files = (
			);
			runOnlyForDeploymentPostprocessing = 0;
		};
		081CB1022670DD6E00FC25F0 /* Frameworks */ = {
			isa = PBXFrameworksBuildPhase;
			buildActionMask = 2147483647;
			files = (
			);
			runOnlyForDeploymentPostprocessing = 0;
		};
/* End PBXFrameworksBuildPhase section */

/* Begin PBXGroup section */
		081CB0C02670DD6B00FC25F0 = {
			isa = PBXGroup;
			children = (
				081CB0C52670DD6B00FC25F0 /* Shared (App) */,
				081CB0CE2670DD6E00FC25F0 /* Shared (Extension) */,
				081CB0DF2670DD6E00FC25F0 /* iOS (App) */,
				081CB0F02670DD6E00FC25F0 /* macOS (App) */,
				081CB0FF2670DD6E00FC25F0 /* iOS (Extension) */,
				081CB1092670DD6E00FC25F0 /* macOS (Extension) */,
				081CB0DE2670DD6E00FC25F0 /* Products */,
			);
			sourceTree = "<group>";
		};
		081CB0C52670DD6B00FC25F0 /* Shared (App) */ = {
			isa = PBXGroup;
			children = (
				081CB0CC2670DD6B00FC25F0 /* ViewController.swift */,
				081CB0CD2670DD6E00FC25F0 /* Assets.xcassets */,
				081CB0C62670DD6B00FC25F0 /* Resources */,
			);
			path = "Shared (App)";
			sourceTree = "<group>";
		};
		081CB0C62670DD6B00FC25F0 /* Resources */ = {
			isa = PBXGroup;
			children = (
				081CB0C72670DD6B00FC25F0 /* Main.html */,
				081CB0C92670DD6B00FC25F0 /* Icon.png */,
				081CB0CA2670DD6B00FC25F0 /* Style.css */,
				081CB0CB2670DD6B00FC25F0 /* Script.js */,
			);
			path = Resources;
			sourceTree = "<group>";
		};
		081CB0CE2670DD6E00FC25F0 /* Shared (Extension) */ = {
			isa = PBXGroup;
			children = (
				081CB0CF2670DD6E00FC25F0 /* SafariWebExtensionHandler.swift */,
				081CB0D02670DD6E00FC25F0 /* Resources */,
			);
			path = "Shared (Extension)";
			sourceTree = "<group>";
		};
		081CB0D02670DD6E00FC25F0 /* Resources */ = {
			isa = PBXGroup;
			children = (
				081CB0D12670DD6E00FC25F0 /* _locales */,
				081CB0D22670DD6E00FC25F0 /* images */,
				081CB0D32670DD6E00FC25F0 /* manifest.json */,
				081CB0D42670DD6E00FC25F0 /* background.js */,
				081CB0D52670DD6E00FC25F0 /* content.js */,
				081CB0D62670DD6E00FC25F0 /* popup.html */,
				081CB0D72670DD6E00FC25F0 /* popup.css */,
				081CB0D82670DD6E00FC25F0 /* popup.js */,
			);
			path = Resources;
			sourceTree = "<group>";
		};
		081CB0DE2670DD6E00FC25F0 /* Products */ = {
			isa = PBXGroup;
			children = (
				081CB0DD2670DD6E00FC25F0 /* SafariKeywordSearch.app */,
				081CB0EF2670DD6E00FC25F0 /* SafariKeywordSearch.app */,
				081CB0FB2670DD6E00FC25F0 /* SafariKeywordSearch Extension.appex */,
				081CB1052670DD6E00FC25F0 /* SafariKeywordSearch Extension.appex */,
			);
			name = Products;
			sourceTree = "<group>";
		};
		081CB0DF2670DD6E00FC25F0 /* iOS (App) */ = {
			isa = PBXGroup;
			children = (
				081CB0E02670DD6E00FC25F0 /* AppDelegate.swift */,
				081CB0E22670DD6E00FC25F0 /* SceneDelegate.swift */,
				081CB0E42670DD6E00FC25F0 /* LaunchScreen.storyboard */,
				081CB0E72670DD6E00FC25F0 /* Main.storyboard */,
				081CB0EA2670DD6E00FC25F0 /* Info.plist */,
			);
			path = "iOS (App)";
			sourceTree = "<group>";
		};
		081CB0F02670DD6E00FC25F0 /* macOS (App) */ = {
			isa = PBXGroup;
			children = (
				081CB0F12670DD6E00FC25F0 /* AppDelegate.swift */,
				081CB0F32670DD6E00FC25F0 /* Main.storyboard */,
				081CB0F62670DD6E00FC25F0 /* SafariKeywordSearch.entitlements */,
			);
			path = "macOS (App)";
			sourceTree = "<group>";
		};
		081CB0FF2670DD6E00FC25F0 /* iOS (Extension) */ = {
			isa = PBXGroup;
			children = (
				081CB1002670DD6E00FC25F0 /* Info.plist */,
			);
			path = "iOS (Extension)";
			sourceTree = "<group>";
		};
		081CB1092670DD6E00FC25F0 /* macOS (Extension) */ = {
			isa = PBXGroup;
			children = (
				081CB10A2670DD6E00FC25F0 /* Info.plist */,
			);
			path = "macOS (Extension)";
			sourceTree = "<group>";
		};
/* End PBXGroup section */

/* Begin PBXNativeTarget section */
		081CB0DC2670DD6E00FC25F0 /* SafariKeywordSearch (iOS) */ = {
			isa = PBXNativeTarget;
			buildConfigurationList = 081CB12F2670DD6E00FC25F0 /* Build configuration list for PBXNativeTarget "SafariKeywordSearch (iOS)" */;
			buildPhases = (
				081CB0D92670DD6E00FC25F0 /* Sources */,
				081CB0DA2670DD6E00FC25F0 /* Frameworks */,
				081CB0DB2670DD6E00FC25F0 /* Resources */,
				081CB12E2670DD6E00FC25F0 /* Embed App Extensions */,
			);
			buildRules = (
			);
			dependencies = (
				081CB0FE2670DD6E00FC25F0 /* PBXTargetDependency */,
			);
			name = "SafariKeywordSearch (iOS)";
			productName = "SafariKeywordSearch (iOS)";
			productReference = 081CB0DD2670DD6E00FC25F0 /* SafariKeywordSearch.app */;
			productType = "com.apple.product-type.application";
		};
		081CB0EE2670DD6E00FC25F0 /* SafariKeywordSearch (macOS) */ = {
			isa = PBXNativeTarget;
			buildConfigurationList = 081CB1362670DD6E00FC25F0 /* Build configuration list for PBXNativeTarget "SafariKeywordSearch (macOS)" */;
			buildPhases = (
				081CB0EB2670DD6E00FC25F0 /* Sources */,
				081CB0EC2670DD6E00FC25F0 /* Frameworks */,
				081CB0ED2670DD6E00FC25F0 /* Resources */,
				081CB1352670DD6E00FC25F0 /* Embed App Extensions */,
			);
			buildRules = (
			);
			dependencies = (
				081CB1082670DD6E00FC25F0 /* PBXTargetDependency */,
			);
			name = "SafariKeywordSearch (macOS)";
			productName = "SafariKeywordSearch (macOS)";
			productReference = 081CB0EF2670DD6E00FC25F0 /* SafariKeywordSearch.app */;
			productType = "com.apple.product-type.application";
		};
		081CB0FA2670DD6E00FC25F0 /* SafariKeywordSearch Extension (iOS) */ = {
			isa = PBXNativeTarget;
			buildConfigurationList = 081CB12B2670DD6E00FC25F0 /* Build configuration list for PBXNativeTarget "SafariKeywordSearch Extension (iOS)" */;
			buildPhases = (
				081CB0F72670DD6E00FC25F0 /* Sources */,
				081CB0F82670DD6E00FC25F0 /* Frameworks */,
				081CB0F92670DD6E00FC25F0 /* Resources */,
			);
			buildRules = (
			);
			dependencies = (
			);
			name = "SafariKeywordSearch Extension (iOS)";
			productName = "SafariKeywordSearch Extension (iOS)";
			productReference = 081CB0FB2670DD6E00FC25F0 /* SafariKeywordSearch Extension.appex */;
			productType = "com.apple.product-type.app-extension";
		};
		081CB1042670DD6E00FC25F0 /* SafariKeywordSearch Extension (macOS) */ = {
			isa = PBXNativeTarget;
			buildConfigurationList = 081CB1322670DD6E00FC25F0 /* Build configuration list for PBXNativeTarget "SafariKeywordSearch Extension (macOS)" */;
			buildPhases = (
				081CB1012670DD6E00FC25F0 /* Sources */,
				081CB1022670DD6E00FC25F0 /* Frameworks */,
				081CB1032670DD6E00FC25F0 /* Resources */,
			);
			buildRules = (
			);
			dependencies = (
			);
			name = "SafariKeywordSearch Extension (macOS)";
			productName = "SafariKeywordSearch Extension (macOS)";
			productReference = 081CB1052670DD6E00FC25F0 /* SafariKeywordSearch Extension.appex */;
			productType = "com.apple.product-type.app-extension";
		};
/* End PBXNativeTarget section */

/* Begin PBXProject section */
		081CB0C12670DD6B00FC25F0 /* Project object */ = {
			isa = PBXProject;
			attributes = {
				BuildIndependentTargetsInParallel = 1;
				LastSwiftUpdateCheck = 1300;
				LastUpgradeCheck = 1300;
				TargetAttributes = {
					081CB0DC2670DD6E00FC25F0 = {
						CreatedOnToolsVersion = 13.0;
					};
					081CB0EE2670DD6E00FC25F0 = {
						CreatedOnToolsVersion = 13.0;
					};
					081CB0FA2670DD6E00FC25F0 = {
						CreatedOnToolsVersion = 13.0;
					};
					081CB1042670DD6E00FC25F0 = {
						CreatedOnToolsVersion = 13.0;
					};
				};
			};
			buildConfigurationList = 081CB0C42670DD6B00FC25F0 /* Build configuration list for PBXProject "SafariKeywordSearch" */;
			compatibilityVersion = "Xcode 13.0";
			developmentRegion = en;
			hasScannedForEncodings = 0;
			knownRegions = (
				en,
				Base,
			);
			mainGroup = 081CB0C02670DD6B00FC25F0;
			productRefGroup = 081CB0DE2670DD6E00FC25F0 /* Products */;
			projectDirPath = "";
			projectRoot = "";
			targets = (
				081CB0DC2670DD6E00FC25F0 /* SafariKeywordSearch (iOS) */,
				081CB0EE2670DD6E00FC25F0 /* SafariKeywordSearch (macOS) */,
				081CB0FA2670DD6E00FC25F0 /* SafariKeywordSearch Extension (iOS) */,
				081CB1042670DD6E00FC25F0 /* SafariKeywordSearch Extension (macOS) */,
			);
		};
/* End PBXProject section */

/* Begin PBXResourcesBuildPhase section */
		081CB0DB2670DD6E00FC25F0 /* Resources */ = {
			isa = PBXResourcesBuildPhase;
			buildActionMask = 2147483647;
			files = (
				081CB10D2670DD6E00FC25F0 /* Icon.png in Resources */,
				081CB0E62670DD6E00FC25F0 /* LaunchScreen.storyboard in Resources */,
				081CB10B2670DD6E00FC25F0 /* Main.html in Resources */,
				081CB1112670DD6E00FC25F0 /* Script.js in Resources */,
				081CB1152670DD6E00FC25F0 /* Assets.xcassets in Resources */,
				081CB0E92670DD6E00FC25F0 /* Main.storyboard in Resources */,
				081CB10F2670DD6E00FC25F0 /* Style.css in Resources */,
			);
			runOnlyForDeploymentPostprocessing = 0;
		};
		081CB0ED2670DD6E00FC25F0 /* Resources */ = {
			isa = PBXResourcesBuildPhase;
			buildActionMask = 2147483647;
			files = (
				081CB10E2670DD6E00FC25F0 /* Icon.png in Resources */,
				081CB1102670DD6E00FC25F0 /* Style.css in Resources */,
				081CB0F52670DD6E00FC25F0 /* Main.storyboard in Resources */,
				081CB1122670DD6E00FC25F0 /* Script.js in Resources */,
				081CB1162670DD6E00FC25F0 /* Assets.xcassets in Resources */,
				081CB10C2670DD6E00FC25F0 /* Main.html in Resources */,
			);
			runOnlyForDeploymentPostprocessing = 0;
		};
		081CB0F92670DD6E00FC25F0 /* Resources */ = {
			isa = PBXResourcesBuildPhase;
			buildActionMask = 2147483647;
			files = (
				081CB11F2670DD6E00FC25F0 /* background.js in Resources */,
				081CB1252670DD6E00FC25F0 /* popup.css in Resources */,
				081CB1232670DD6E00FC25F0 /* popup.html in Resources */,
				081CB11B2670DD6E00FC25F0 /* images in Resources */,
				081CB11D2670DD6E00FC25F0 /* manifest.json in Resources */,
				081CB1192670DD6E00FC25F0 /* _locales in Resources */,
				081CB1212670DD6E00FC25F0 /* content.js in Resources */,
				081CB1272670DD6E00FC25F0 /* popup.js in Resources */,
			);
			runOnlyForDeploymentPostprocessing = 0;
		};
		081CB1032670DD6E00FC25F0 /* Resources */ = {
			isa = PBXResourcesBuildPhase;
			buildActionMask = 2147483647;
			files = (
				081CB1202670DD6E00FC25F0 /* background.js in Resources */,
				081CB1262670DD6E00FC25F0 /* popup.css in Resources */,
				081CB1242670DD6E00FC25F0 /* popup.html in Resources */,
				081CB11C2670DD6E00FC25F0 /* images in Resources */,
				081CB11E2670DD6E00FC25F0 /* manifest.json in Resources */,
				081CB11A2670DD6E00FC25F0 /* _locales in Resources */,
				081CB1222670DD6E00FC25F0 /* content.js in Resources */,
				081CB1282670DD6E00FC25F0 /* popup.js in Resources */,
			);
			runOnlyForDeploymentPostprocessing = 0;
		};
/* End PBXResourcesBuildPhase section */

/* Begin PBXSourcesBuildPhase section */
		081CB0D92670DD6E00FC25F0 /* Sources */ = {
			isa = PBXSourcesBuildPhase;
			buildActionMask = 2147483647;
			files = (
				081CB1132670DD6E00FC25F0 /* ViewController.swift in Sources */,
				081CB0E12670DD6E00FC25F0 /* AppDelegate.swift in Sources */,
				081CB0E32670DD6E00FC25F0 /* SceneDelegate.swift in Sources */,
			);
			runOnlyForDeploymentPostprocessing = 0;
		};
		081CB0EB2670DD6E00FC25F0 /* Sources */ = {
			isa = PBXSourcesBuildPhase;
			buildActionMask = 2147483647;
			files = (
				081CB1142670DD6E00FC25F0 /* ViewController.swift in Sources */,
				081CB0F22670DD6E00FC25F0 /* AppDelegate.swift in Sources */,
			);
			runOnlyForDeploymentPostprocessing = 0;
		};
		081CB0F72670DD6E00FC25F0 /* Sources */ = {
			isa = PBXSourcesBuildPhase;
			buildActionMask = 2147483647;
			files = (
				081CB1172670DD6E00FC25F0 /* SafariWebExtensionHandler.swift in Sources */,
			);
			runOnlyForDeploymentPostprocessing = 0;
		};
		081CB1012670DD6E00FC25F0 /* Sources */ = {
			isa = PBXSourcesBuildPhase;
			buildActionMask = 2147483647;
			files = (
				081CB1182670DD6E00FC25F0 /* SafariWebExtensionHandler.swift in Sources */,
			);
			runOnlyForDeploymentPostprocessing = 0;
		};
/* End PBXSourcesBuildPhase section */

/* Begin PBXTargetDependency section */
		081CB0FE2670DD6E00FC25F0 /* PBXTargetDependency */ = {
			isa = PBXTargetDependency;
			target = 081CB0FA2670DD6E00FC25F0 /* SafariKeywordSearch Extension (iOS) */;
			targetProxy = 081CB0FD2670DD6E00FC25F0 /* PBXContainerItemProxy */;
		};
		081CB1082670DD6E00FC25F0 /* PBXTargetDependency */ = {
			isa = PBXTargetDependency;
			target = 081CB1042670DD6E00FC25F0 /* SafariKeywordSearch Extension (macOS) */;
			targetProxy = 081CB1072670DD6E00FC25F0 /* PBXContainerItemProxy */;
		};
/* End PBXTargetDependency section */

/* Begin PBXVariantGroup section */
		081CB0C72670DD6B00FC25F0 /* Main.html */ = {
			isa = PBXVariantGroup;
			children = (
				081CB0C82670DD6B00FC25F0 /* Base */,
			);
			name = Main.html;
			sourceTree = "<group>";
		};
		081CB0E42670DD6E00FC25F0 /* LaunchScreen.storyboard */ = {
			isa = PBXVariantGroup;
			children = (
				081CB0E52670DD6E00FC25F0 /* Base */,
			);
			name = LaunchScreen.storyboard;
			sourceTree = "<group>";
		};
		081CB0E72670DD6E00FC25F0 /* Main.storyboard */ = {
			isa = PBXVariantGroup;
			children = (
				081CB0E82670DD6E00FC25F0 /* Base */,
			);
			name = Main.storyboard;
			sourceTree = "<group>";
		};
		081CB0F32670DD6E00FC25F0 /* Main.storyboard */ = {
			isa = PBXVariantGroup;
			children = (
				081CB0F42670DD6E00FC25F0 /* Base */,
			);
			name = Main.storyboard;
			sourceTree = "<group>";
		};
/* End PBXVariantGroup section */

/* Begin XCBuildConfiguration section */
		081CB1292670DD6E00FC25F0 /* Debug */ = {
			isa = XCBuildConfiguration;
			buildSettings = {
				ALWAYS_SEARCH_USER_PATHS = NO;
				CLANG_ANALYZER_NONNULL = YES;
				CLANG_ANALYZER_NUMBER_OBJECT_CONVERSION = YES_AGGRESSIVE;
				CLANG_CXX_LANGUAGE_STANDARD = "gnu++14";
				CLANG_CXX_LIBRARY = "libc++";
				CLANG_ENABLE_MODULES = YES;
				CLANG_ENABLE_OBJC_ARC = YES;
				CLANG_ENABLE_OBJC_WEAK = YES;
				CLANG_WARN_BLOCK_CAPTURE_AUTORELEASING = YES;
				CLANG_WARN_BOOL_CONVERSION = YES;
				CLANG_WARN_COMMA = YES;
				CLANG_WARN_CONSTANT_CONVERSION = YES;
				CLANG_WARN_DEPRECATED_OBJC_IMPLEMENTATIONS = YES;
				CLANG_WARN_DIRECT_OBJC_ISA_USAGE = YES_ERROR;
				CLANG_WARN_DOCUMENTATION_COMMENTS = YES;
				CLANG_WARN_EMPTY_BODY = YES;
				CLANG_WARN_ENUM_CONVERSION = YES;
				CLANG_WARN_INFINITE_RECURSION = YES;
				CLANG_WARN_INT_CONVERSION = YES;
				CLANG_WARN_NON_LITERAL_NULL_CONVERSION = YES;
				CLANG_WARN_OBJC_IMPLICIT_RETAIN_SELF = YES;
				CLANG_WARN_OBJC_LITERAL_CONVERSION = YES;
				CLANG_WARN_OBJC_ROOT_CLASS = YES_ERROR;
				CLANG_WARN_QUOTED_INCLUDE_IN_FRAMEWORK_HEADER = YES;
				CLANG_WARN_RANGE_LOOP_ANALYSIS = YES;
				CLANG_WARN_STRICT_PROTOTYPES = YES;
				CLANG_WARN_SUSPICIOUS_MOVE = YES;
				CLANG_WARN_UNGUARDED_AVAILABILITY = YES_AGGRESSIVE;
				CLANG_WARN_UNREACHABLE_CODE = YES;
				CLANG_WARN__DUPLICATE_METHOD_MATCH = YES;
				COPY_PHASE_STRIP = NO;
				DEBUG_INFORMATION_FORMAT = dwarf;
				ENABLE_STRICT_OBJC_MSGSEND = YES;
				ENABLE_TESTABILITY = YES;
				GCC_C_LANGUAGE_STANDARD = gnu11;
				GCC_DYNAMIC_NO_PIC = NO;
				GCC_NO_COMMON_BLOCKS = YES;
				GCC_OPTIMIZATION_LEVEL = 0;
				GCC_PREPROCESSOR_DEFINITIONS = (
					"DEBUG=1",
					"$(inherited)",
				);
				GCC_WARN_64_TO_32_BIT_CONVERSION = YES;
				GCC_WARN_ABOUT_RETURN_TYPE = YES_ERROR;
				GCC_WARN_UNDECLARED_SELECTOR = YES;
				GCC_WARN_UNINITIALIZED_AUTOS = YES_AGGRESSIVE;
				GCC_WARN_UNUSED_FUNCTION = YES;
				GCC_WARN_UNUSED_VARIABLE = YES;
				MTL_ENABLE_DEBUG_INFO = INCLUDE_SOURCE;
				MTL_FAST_MATH = YES;
				ONLY_ACTIVE_ARCH = YES;
				SWIFT_ACTIVE_COMPILATION_CONDITIONS = DEBUG;
				SWIFT_OPTIMIZATION_LEVEL = "-Onone";
			};
			name = Debug;
		};
		081CB12A2670DD6E00FC25F0 /* Release */ = {
			isa = XCBuildConfiguration;
			buildSettings = {
				ALWAYS_SEARCH_USER_PATHS = NO;
				CLANG_ANALYZER_NONNULL = YES;
				CLANG_ANALYZER_NUMBER_OBJECT_CONVERSION = YES_AGGRESSIVE;
				CLANG_CXX_LANGUAGE_STANDARD = "gnu++14";
				CLANG_CXX_LIBRARY = "libc++";
				CLANG_ENABLE_MODULES = YES;
				CLANG_ENABLE_OBJC_ARC = YES;
				CLANG_ENABLE_OBJC_WEAK = YES;
				CLANG_WARN_BLOCK_CAPTURE_AUTORELEASING = YES;
				CLANG_WARN_BOOL_CONVERSION = YES;
				CLANG_WARN_COMMA = YES;
				CLANG_WARN_CONSTANT_CONVERSION = YES;
				CLANG_WARN_DEPRECATED_OBJC_IMPLEMENTATIONS = YES;
				CLANG_WARN_DIRECT_OBJC_ISA_USAGE = YES_ERROR;
				CLANG_WARN_DOCUMENTATION_COMMENTS = YES;
				CLANG_WARN_EMPTY_BODY = YES;
				CLANG_WARN_ENUM_CONVERSION = YES;
				CLANG_WARN_INFINITE_RECURSION = YES;
				CLANG_WARN_INT_CONVERSION = YES;
				CLANG_WARN_NON_LITERAL_NULL_CONVERSION = YES;
				CLANG_WARN_OBJC_IMPLICIT_RETAIN_SELF = YES;
				CLANG_WARN_OBJC_LITERAL_CONVERSION = YES;
				CLANG_WARN_OBJC_ROOT_CLASS = YES_ERROR;
				CLANG_WARN_QUOTED_INCLUDE_IN_FRAMEWORK_HEADER = YES;
				CLANG_WARN_RANGE_LOOP_ANALYSIS = YES;
				CLANG_WARN_STRICT_PROTOTYPES = YES;
				CLANG_WARN_SUSPICIOUS_MOVE = YES;
				CLANG_WARN_UNGUARDED_AVAILABILITY = YES_AGGRESSIVE;
				CLANG_WARN_UNREACHABLE_CODE = YES;
				CLANG_WARN__DUPLICATE_METHOD_MATCH = YES;
				COPY_PHASE_STRIP = NO;
				DEBUG_INFORMATION_FORMAT = "dwarf-with-dsym";
				ENABLE_NS_ASSERTIONS = NO;
				ENABLE_STRICT_OBJC_MSGSEND = YES;
				GCC_C_LANGUAGE_STANDARD = gnu11;
				GCC_NO_COMMON_BLOCKS = YES;
				GCC_WARN_64_TO_32_BIT_CONVERSION = YES;
				GCC_WARN_ABOUT_RETURN_TYPE = YES_ERROR;
				GCC_WARN_UNDECLARED_SELECTOR = YES;
				GCC_WARN_UNINITIALIZED_AUTOS = YES_AGGRESSIVE;
				GCC_WARN_UNUSED_FUNCTION = YES;
				GCC_WARN_UNUSED_VARIABLE = YES;
				MTL_ENABLE_DEBUG_INFO = NO;
				MTL_FAST_MATH = YES;
				SWIFT_COMPILATION_MODE = wholemodule;
				SWIFT_OPTIMIZATION_LEVEL = "-O";
			};
			name = Release;
		};
		081CB12C2670DD6E00FC25F0 /* Debug */ = {
			isa = XCBuildConfiguration;
			buildSettings = {
				CODE_SIGN_STYLE = Automatic;
				CURRENT_PROJECT_VERSION = 1;
				DEVELOPMENT_TEAM = 5YSSE2V8P3;
				GENERATE_INFOPLIST_FILE = YES;
				INFOPLIST_FILE = "iOS (Extension)/Info.plist";
				INFOPLIST_KEY_CFBundleDisplayName = "SafariKeywordSearch Extension";
				INFOPLIST_KEY_NSHumanReadableCopyright = "";
				IPHONEOS_DEPLOYMENT_TARGET = 15.0;
				LD_RUNPATH_SEARCH_PATHS = (
					"$(inherited)",
					"@executable_path/Frameworks",
					"@executable_path/../../Frameworks",
				);
				MARKETING_VERSION = 1.0;
				PRODUCT_BUNDLE_IDENTIFIER = net.aurlien.SafariKeywordSearch.Extension;
				PRODUCT_NAME = "SafariKeywordSearch Extension";
				SDKROOT = iphoneos;
				SKIP_INSTALL = YES;
				SWIFT_EMIT_LOC_STRINGS = YES;
				SWIFT_VERSION = 5.0;
				TARGETED_DEVICE_FAMILY = "1,2";
			};
			name = Debug;
		};
		081CB12D2670DD6E00FC25F0 /* Release */ = {
			isa = XCBuildConfiguration;
			buildSettings = {
				CODE_SIGN_STYLE = Automatic;
				CURRENT_PROJECT_VERSION = 1;
				DEVELOPMENT_TEAM = 5YSSE2V8P3;
				GENERATE_INFOPLIST_FILE = YES;
				INFOPLIST_FILE = "iOS (Extension)/Info.plist";
				INFOPLIST_KEY_CFBundleDisplayName = "SafariKeywordSearch Extension";
				INFOPLIST_KEY_NSHumanReadableCopyright = "";
				IPHONEOS_DEPLOYMENT_TARGET = 15.0;
				LD_RUNPATH_SEARCH_PATHS = (
					"$(inherited)",
					"@executable_path/Frameworks",
					"@executable_path/../../Frameworks",
				);
				MARKETING_VERSION = 1.0;
				PRODUCT_BUNDLE_IDENTIFIER = net.aurlien.SafariKeywordSearch.Extension;
				PRODUCT_NAME = "SafariKeywordSearch Extension";
				SDKROOT = iphoneos;
				SKIP_INSTALL = YES;
				SWIFT_EMIT_LOC_STRINGS = YES;
				SWIFT_VERSION = 5.0;
				TARGETED_DEVICE_FAMILY = "1,2";
				VALIDATE_PRODUCT = YES;
			};
			name = Release;
		};
		081CB1302670DD6E00FC25F0 /* Debug */ = {
			isa = XCBuildConfiguration;
			buildSettings = {
				ALWAYS_EMBED_SWIFT_STANDARD_LIBRARIES = YES;
				ASSETCATALOG_COMPILER_APPICON_NAME = AppIcon;
				ASSETCATALOG_COMPILER_GLOBAL_ACCENT_COLOR_NAME = AccentColor;
				CODE_SIGN_STYLE = Automatic;
				CURRENT_PROJECT_VERSION = 1;
				DEVELOPMENT_TEAM = 5YSSE2V8P3;
				GENERATE_INFOPLIST_FILE = YES;
				INFOPLIST_FILE = "iOS (App)/Info.plist";
				INFOPLIST_KEY_CFBundleDisplayName = SafariKeywordSearch;
				INFOPLIST_KEY_UIApplicationSupportsIndirectInputEvents = YES;
				INFOPLIST_KEY_UILaunchStoryboardName = LaunchScreen;
				INFOPLIST_KEY_UIMainStoryboardFile = Main;
				INFOPLIST_KEY_UISupportedInterfaceOrientations = "UIInterfaceOrientationPortrait UIInterfaceOrientationLandscapeLeft UIInterfaceOrientationLandscapeRight";
				INFOPLIST_KEY_UISupportedInterfaceOrientations_iPad = "UIInterfaceOrientationPortrait UIInterfaceOrientationPortraitUpsideDown UIInterfaceOrientationLandscapeLeft UIInterfaceOrientationLandscapeRight";
				IPHONEOS_DEPLOYMENT_TARGET = 15.0;
				LD_RUNPATH_SEARCH_PATHS = (
					"$(inherited)",
					"@executable_path/Frameworks",
				);
				MARKETING_VERSION = 1.0;
				OTHER_LDFLAGS = (
					"-framework",
					WebKit,
				);
				PRODUCT_BUNDLE_IDENTIFIER = net.aurlien.SafariKeywordSearch;
				PRODUCT_NAME = SafariKeywordSearch;
				SDKROOT = iphoneos;
				SWIFT_EMIT_LOC_STRINGS = YES;
				SWIFT_VERSION = 5.0;
				TARGETED_DEVICE_FAMILY = "1,2";
			};
			name = Debug;
		};
		081CB1312670DD6E00FC25F0 /* Release */ = {
			isa = XCBuildConfiguration;
			buildSettings = {
				ALWAYS_EMBED_SWIFT_STANDARD_LIBRARIES = YES;
				ASSETCATALOG_COMPILER_APPICON_NAME = AppIcon;
				ASSETCATALOG_COMPILER_GLOBAL_ACCENT_COLOR_NAME = AccentColor;
				CODE_SIGN_STYLE = Automatic;
				CURRENT_PROJECT_VERSION = 1;
				DEVELOPMENT_TEAM = 5YSSE2V8P3;
				GENERATE_INFOPLIST_FILE = YES;
				INFOPLIST_FILE = "iOS (App)/Info.plist";
				INFOPLIST_KEY_CFBundleDisplayName = SafariKeywordSearch;
				INFOPLIST_KEY_UIApplicationSupportsIndirectInputEvents = YES;
				INFOPLIST_KEY_UILaunchStoryboardName = LaunchScreen;
				INFOPLIST_KEY_UIMainStoryboardFile = Main;
				INFOPLIST_KEY_UISupportedInterfaceOrientations = "UIInterfaceOrientationPortrait UIInterfaceOrientationLandscapeLeft UIInterfaceOrientationLandscapeRight";
				INFOPLIST_KEY_UISupportedInterfaceOrientations_iPad = "UIInterfaceOrientationPortrait UIInterfaceOrientationPortraitUpsideDown UIInterfaceOrientationLandscapeLeft UIInterfaceOrientationLandscapeRight";
				IPHONEOS_DEPLOYMENT_TARGET = 15.0;
				LD_RUNPATH_SEARCH_PATHS = (
					"$(inherited)",
					"@executable_path/Frameworks",
				);
				MARKETING_VERSION = 1.0;
				OTHER_LDFLAGS = (
					"-framework",
					WebKit,
				);
				PRODUCT_BUNDLE_IDENTIFIER = net.aurlien.SafariKeywordSearch;
				PRODUCT_NAME = SafariKeywordSearch;
				SDKROOT = iphoneos;
				SWIFT_EMIT_LOC_STRINGS = YES;
				SWIFT_VERSION = 5.0;
				TARGETED_DEVICE_FAMILY = "1,2";
				VALIDATE_PRODUCT = YES;
			};
			name = Release;
		};
		081CB1332670DD6E00FC25F0 /* Debug */ = {
			isa = XCBuildConfiguration;
			buildSettings = {
				CODE_SIGN_STYLE = Automatic;
				CURRENT_PROJECT_VERSION = 1;
				DEVELOPMENT_TEAM = 5YSSE2V8P3;
				ENABLE_APP_SANDBOX = YES;
				ENABLE_HARDENED_RUNTIME = YES;
				ENABLE_USER_SELECTED_FILES = readonly;
				GENERATE_INFOPLIST_FILE = YES;
				INFOPLIST_FILE = "macOS (Extension)/Info.plist";
				INFOPLIST_KEY_CFBundleDisplayName = "SafariKeywordSearch Extension";
				INFOPLIST_KEY_NSHumanReadableCopyright = "";
				LD_RUNPATH_SEARCH_PATHS = (
					"$(inherited)",
					"@executable_path/../Frameworks",
					"@executable_path/../../../../Frameworks",
				);
				MACOSX_DEPLOYMENT_TARGET = 10.14;
				MARKETING_VERSION = 1.0;
				PRODUCT_BUNDLE_IDENTIFIER = net.aurlien.SafariKeywordSearch.Extension;
				PRODUCT_NAME = "SafariKeywordSearch Extension";
				SDKROOT = macosx;
				SKIP_INSTALL = YES;
				SWIFT_EMIT_LOC_STRINGS = YES;
				SWIFT_VERSION = 5.0;
			};
			name = Debug;
		};
		081CB1342670DD6E00FC25F0 /* Release */ = {
			isa = XCBuildConfiguration;
			buildSettings = {
				CODE_SIGN_STYLE = Automatic;
				CURRENT_PROJECT_VERSION = 1;
				DEVELOPMENT_TEAM = 5YSSE2V8P3;
				ENABLE_APP_SANDBOX = YES;
				ENABLE_HARDENED_RUNTIME = YES;
				ENABLE_USER_SELECTED_FILES = readonly;
				GENERATE_INFOPLIST_FILE = YES;
				INFOPLIST_FILE = "macOS (Extension)/Info.plist";
				INFOPLIST_KEY_CFBundleDisplayName = "SafariKeywordSearch Extension";
				INFOPLIST_KEY_NSHumanReadableCopyright = "";
				LD_RUNPATH_SEARCH_PATHS = (
					"$(inherited)",
					"@executable_path/../Frameworks",
					"@executable_path/../../../../Frameworks",
				);
				MACOSX_DEPLOYMENT_TARGET = 10.14;
				MARKETING_VERSION = 1.0;
				PRODUCT_BUNDLE_IDENTIFIER = net.aurlien.SafariKeywordSearch.Extension;
				PRODUCT_NAME = "SafariKeywordSearch Extension";
				SDKROOT = macosx;
				SKIP_INSTALL = YES;
				SWIFT_EMIT_LOC_STRINGS = YES;
				SWIFT_VERSION = 5.0;
			};
			name = Release;
		};
		081CB1372670DD6E00FC25F0 /* Debug */ = {
			isa = XCBuildConfiguration;
			buildSettings = {
				ALWAYS_EMBED_SWIFT_STANDARD_LIBRARIES = YES;
				ASSETCATALOG_COMPILER_APPICON_NAME = AppIcon;
				ASSETCATALOG_COMPILER_GLOBAL_ACCENT_COLOR_NAME = AccentColor;
				CODE_SIGN_ENTITLEMENTS = "macOS (App)/SafariKeywordSearch.entitlements";
				CODE_SIGN_STYLE = Automatic;
				CURRENT_PROJECT_VERSION = 1;
				DEVELOPMENT_TEAM = 5YSSE2V8P3;
				ENABLE_APP_SANDBOX = YES;
				ENABLE_HARDENED_RUNTIME = YES;
				ENABLE_USER_SELECTED_FILES = readonly;
				GENERATE_INFOPLIST_FILE = YES;
				INFOPLIST_KEY_CFBundleDisplayName = SafariKeywordSearch;
				INFOPLIST_KEY_NSMainStoryboardFile = Main;
				INFOPLIST_KEY_NSPrincipalClass = NSApplication;
				LD_RUNPATH_SEARCH_PATHS = (
					"$(inherited)",
					"@executable_path/../Frameworks",
				);
				MACOSX_DEPLOYMENT_TARGET = 10.14;
				MARKETING_VERSION = 1.0;
				OTHER_LDFLAGS = (
					"-framework",
					WebKit,
				);
				PRODUCT_BUNDLE_IDENTIFIER = net.aurlien.SafariKeywordSearch;
				PRODUCT_NAME = SafariKeywordSearch;
				SDKROOT = macosx;
				SWIFT_EMIT_LOC_STRINGS = YES;
				SWIFT_VERSION = 5.0;
			};
			name = Debug;
		};
		081CB1382670DD6E00FC25F0 /* Release */ = {
			isa = XCBuildConfiguration;
			buildSettings = {
				ALWAYS_EMBED_SWIFT_STANDARD_LIBRARIES = YES;
				ASSETCATALOG_COMPILER_APPICON_NAME = AppIcon;
				ASSETCATALOG_COMPILER_GLOBAL_ACCENT_COLOR_NAME = AccentColor;
				CODE_SIGN_ENTITLEMENTS = "macOS (App)/SafariKeywordSearch.entitlements";
				CODE_SIGN_STYLE = Automatic;
				CURRENT_PROJECT_VERSION = 1;
				DEVELOPMENT_TEAM = 5YSSE2V8P3;
				ENABLE_APP_SANDBOX = YES;
				ENABLE_HARDENED_RUNTIME = YES;
				ENABLE_USER_SELECTED_FILES = readonly;
				GENERATE_INFOPLIST_FILE = YES;
				INFOPLIST_KEY_CFBundleDisplayName = SafariKeywordSearch;
				INFOPLIST_KEY_NSMainStoryboardFile = Main;
				INFOPLIST_KEY_NSPrincipalClass = NSApplication;
				LD_RUNPATH_SEARCH_PATHS = (
					"$(inherited)",
					"@executable_path/../Frameworks",
				);
				MACOSX_DEPLOYMENT_TARGET = 10.14;
				MARKETING_VERSION = 1.0;
				OTHER_LDFLAGS = (
					"-framework",
					WebKit,
				);
				PRODUCT_BUNDLE_IDENTIFIER = net.aurlien.SafariKeywordSearch;
				PRODUCT_NAME = SafariKeywordSearch;
				SDKROOT = macosx;
				SWIFT_EMIT_LOC_STRINGS = YES;
				SWIFT_VERSION = 5.0;
			};
			name = Release;
		};
/* End XCBuildConfiguration section */

/* Begin XCConfigurationList section */
		081CB0C42670DD6B00FC25F0 /* Build configuration list for PBXProject "SafariKeywordSearch" */ = {
			isa = XCConfigurationList;
			buildConfigurations = (
				081CB1292670DD6E00FC25F0 /* Debug */,
				081CB12A2670DD6E00FC25F0 /* Release */,
			);
			defaultConfigurationIsVisible = 0;
			defaultConfigurationName = Release;
		};
		081CB12B2670DD6E00FC25F0 /* Build configuration list for PBXNativeTarget "SafariKeywordSearch Extension (iOS)" */ = {
			isa = XCConfigurationList;
			buildConfigurations = (
				081CB12C2670DD6E00FC25F0 /* Debug */,
				081CB12D2670DD6E00FC25F0 /* Release */,
			);
			defaultConfigurationIsVisible = 0;
			defaultConfigurationName = Release;
		};
		081CB12F2670DD6E00FC25F0 /* Build configuration list for PBXNativeTarget "SafariKeywordSearch (iOS)" */ = {
			isa = XCConfigurationList;
			buildConfigurations = (
				081CB1302670DD6E00FC25F0 /* Debug */,
				081CB1312670DD6E00FC25F0 /* Release */,
			);
			defaultConfigurationIsVisible = 0;
			defaultConfigurationName = Release;
		};
		081CB1322670DD6E00FC25F0 /* Build configuration list for PBXNativeTarget "SafariKeywordSearch Extension (macOS)" */ = {
			isa = XCConfigurationList;
			buildConfigurations = (
				081CB1332670DD6E00FC25F0 /* Debug */,
				081CB1342670DD6E00FC25F0 /* Release */,
			);
			defaultConfigurationIsVisible = 0;
			defaultConfigurationName = Release;
		};
		081CB1362670DD6E00FC25F0 /* Build configuration list for PBXNativeTarget "SafariKeywordSearch (macOS)" */ = {
			isa = XCConfigurationList;
			buildConfigurations = (
				081CB1372670DD6E00FC25F0 /* Debug */,
				081CB1382670DD6E00FC25F0 /* Release */,
			);
			defaultConfigurationIsVisible = 0;
			defaultConfigurationName = Release;
		};
/* End XCConfigurationList section */
	};
	rootObject = 081CB0C12670DD6B00FC25F0 /* Project object */;
}
